// !$*UTF8*$!
{
	archiveVersion = 1;
	classes = {
	};
	objectVersion = 50;
	objects = {

/* Begin PBXBuildFile section */
		DCC4FF0A23AA50D900BBDDEA /* AppDelegate.swift in Sources */ = {isa = PBXBuildFile; fileRef = DCC4FF0923AA50D900BBDDEA /* AppDelegate.swift */; };
		DCC4FF0C23AA50D900BBDDEA /* SceneDelegate.swift in Sources */ = {isa = PBXBuildFile; fileRef = DCC4FF0B23AA50D900BBDDEA /* SceneDelegate.swift */; };
		DCC4FF0E23AA50D900BBDDEA /* ViewController.swift in Sources */ = {isa = PBXBuildFile; fileRef = DCC4FF0D23AA50D900BBDDEA /* ViewController.swift */; };
		DCC4FF1123AA50D900BBDDEA /* Main.storyboard in Resources */ = {isa = PBXBuildFile; fileRef = DCC4FF0F23AA50D900BBDDEA /* Main.storyboard */; };
		DCC4FF1323AA50DA00BBDDEA /* Assets.xcassets in Resources */ = {isa = PBXBuildFile; fileRef = DCC4FF1223AA50DA00BBDDEA /* Assets.xcassets */; };
		DCC4FF1623AA50DA00BBDDEA /* LaunchScreen.storyboard in Resources */ = {isa = PBXBuildFile; fileRef = DCC4FF1423AA50DA00BBDDEA /* LaunchScreen.storyboard */; };
/* End PBXBuildFile section */

/* Begin PBXFileReference section */
		DCC4FF0623AA50D900BBDDEA /* Demo_iOS13_SearchBar.app */ = {isa = PBXFileReference; explicitFileType = wrapper.application; includeInIndex = 0; path = Demo_iOS13_SearchBar.app; sourceTree = BUILT_PRODUCTS_DIR; };
		DCC4FF0923AA50D900BBDDEA /* AppDelegate.swift */ = {isa = PBXFileReference; lastKnownFileType = sourcecode.swift; path = AppDelegate.swift; sourceTree = "<group>"; };
		DCC4FF0B23AA50D900BBDDEA /* SceneDelegate.swift */ = {isa = PBXFileReference; lastKnownFileType = sourcecode.swift; path = SceneDelegate.swift; sourceTree = "<group>"; };
		DCC4FF0D23AA50D900BBDDEA /* ViewController.swift */ = {isa = PBXFileReference; lastKnownFileType = sourcecode.swift; path = ViewController.swift; sourceTree = "<group>"; };
		DCC4FF1023AA50D900BBDDEA /* Base */ = {isa = PBXFileReference; lastKnownFileType = file.storyboard; name = Base; path = Base.lproj/Main.storyboard; sourceTree = "<group>"; };
		DCC4FF1223AA50DA00BBDDEA /* Assets.xcassets */ = {isa = PBXFileReference; lastKnownFileType = folder.assetcatalog; path = Assets.xcassets; sourceTree = "<group>"; };
		DCC4FF1523AA50DA00BBDDEA /* Base */ = {isa = PBXFileReference; lastKnownFileType = file.storyboard; name = Base; path = Base.lproj/LaunchScreen.storyboard; sourceTree = "<group>"; };
		DCC4FF1723AA50DA00BBDDEA /* Info.plist */ = {isa = PBXFileReference; lastKnownFileType = text.plist.xml; path = Info.plist; sourceTree = "<group>"; };
/* End PBXFileReference section */

/* Begin PBXFrameworksBuildPhase section */
		DCC4FF0323AA50D900BBDDEA /* Frameworks */ = {
			isa = PBXFrameworksBuildPhase;
			buildActionMask = 2147483647;
			files = (
			);
			runOnlyForDeploymentPostprocessing = 0;
		};
/* End PBXFrameworksBuildPhase section */

/* Begin PBXGroup section */
		DCC4FEFD23AA50D900BBDDEA = {
			isa = PBXGroup;
			children = (
				DCC4FF0823AA50D900BBDDEA /* Demo_iOS13_SearchBar */,
				DCC4FF0723AA50D900BBDDEA /* Products */,
			);
			sourceTree = "<group>";
		};
		DCC4FF0723AA50D900BBDDEA /* Products */ = {
			isa = PBXGroup;
			children = (
				DCC4FF0623AA50D900BBDDEA /* Demo_iOS13_SearchBar.app */,
			);
			name = Products;
			sourceTree = "<group>";
		};
		DCC4FF0823AA50D900BBDDEA /* Demo_iOS13_SearchBar */ = {
			isa = PBXGroup;
			children = (
				DCC4FF0923AA50D900BBDDEA /* AppDelegate.swift */,
				DCC4FF0B23AA50D900BBDDEA /* SceneDelegate.swift */,
				DCC4FF0D23AA50D900BBDDEA /* ViewController.swift */,
				DCC4FF0F23AA50D900BBDDEA /* Main.storyboard */,
				DCC4FF1223AA50DA00BBDDEA /* Assets.xcassets */,
				DCC4FF1423AA50DA00BBDDEA /* LaunchScreen.storyboard */,
				DCC4FF1723AA50DA00BBDDEA /* Info.plist */,
			);
			path = Demo_iOS13_SearchBar;
			sourceTree = "<group>";
		};
/* End PBXGroup section */

/* Begin PBXNativeTarget section */
		DCC4FF0523AA50D900BBDDEA /* Demo_iOS13_SearchBar */ = {
			isa = PBXNativeTarget;
			buildConfigurationList = DCC4FF1A23AA50DA00BBDDEA /* Build configuration list for PBXNativeTarget "Demo_iOS13_SearchBar" */;
			buildPhases = (
				DCC4FF0223AA50D900BBDDEA /* Sources */,
				DCC4FF0323AA50D900BBDDEA /* Frameworks */,
				DCC4FF0423AA50D900BBDDEA /* Resources */,
			);
			buildRules = (
			);
			dependencies = (
			);
			name = Demo_iOS13_SearchBar;
			productName = Demo_iOS13_SearchBar;
			productReference = DCC4FF0623AA50D900BBDDEA /* Demo_iOS13_SearchBar.app */;
			productType = "com.apple.product-type.application";
		};
/* End PBXNativeTarget section */

/* Begin PBXProject section */
		DCC4FEFE23AA50D900BBDDEA /* Project object */ = {
			isa = PBXProject;
			attributes = {
				LastSwiftUpdateCheck = 1120;
				LastUpgradeCheck = 1120;
				ORGANIZATIONNAME = "Bhargav Thakkar";
				TargetAttributes = {
					DCC4FF0523AA50D900BBDDEA = {
						CreatedOnToolsVersion = 11.2.1;
					};
				};
			};
			buildConfigurationList = DCC4FF0123AA50D900BBDDEA /* Build configuration list for PBXProject "Demo_iOS13_SearchBar" */;
			compatibilityVersion = "Xcode 9.3";
			developmentRegion = en;
			hasScannedForEncodings = 0;
			knownRegions = (
				en,
				Base,
			);
			mainGroup = DCC4FEFD23AA50D900BBDDEA;
			productRefGroup = DCC4FF0723AA50D900BBDDEA /* Products */;
			projectDirPath = "";
			projectRoot = "";
			targets = (
				DCC4FF0523AA50D900BBDDEA /* Demo_iOS13_SearchBar */,
			);
		};
/* End PBXProject section */

/* Begin PBXResourcesBuildPhase section */
		DCC4FF0423AA50D900BBDDEA /* Resources */ = {
			isa = PBXResourcesBuildPhase;
			buildActionMask = 2147483647;
			files = (
				DCC4FF1623AA50DA00BBDDEA /* LaunchScreen.storyboard in Resources */,
				DCC4FF1323AA50DA00BBDDEA /* Assets.xcassets in Resources */,
				DCC4FF1123AA50D900BBDDEA /* Main.storyboard in Resources */,
			);
			runOnlyForDeploymentPostprocessing = 0;
		};
/* End PBXResourcesBuildPhase section */

/* Begin PBXSourcesBuildPhase section */
		DCC4FF0223AA50D900BBDDEA /* Sources */ = {
			isa = PBXSourcesBuildPhase;
			buildActionMask = 2147483647;
			files = (
				DCC4FF0E23AA50D900BBDDEA /* ViewController.swift in Sources */,
				DCC4FF0A23AA50D900BBDDEA /* AppDelegate.swift in Sources */,
				DCC4FF0C23AA50D900BBDDEA /* SceneDelegate.swift in Sources */,
			);
			runOnlyForDeploymentPostprocessing = 0;
		};
/* End PBXSourcesBuildPhase section */

/* Begin PBXVariantGroup section */
		DCC4FF0F23AA50D900BBDDEA /* Main.storyboard */ = {
			isa = PBXVariantGroup;
			children = (
				DCC4FF1023AA50D900BBDDEA /* Base */,
			);
			name = Main.storyboard;
			sourceTree = "<group>";
		};
		DCC4FF1423AA50DA00BBDDEA /* LaunchScreen.storyboard */ = {
			isa = PBXVariantGroup;
			children = (
				DCC4FF1523AA50DA00BBDDEA /* Base */,
			);
			name = LaunchScreen.storyboard;
			sourceTree = "<group>";
		};
/* End PBXVariantGroup section */

/* Begin XCBuildConfiguration section */
		DCC4FF1823AA50DA00BBDDEA /* Debug */ = {
			isa = XCBuildConfiguration;
			buildSettings = {
				ALWAYS_SEARCH_USER_PATHS = NO;
				CLANG_ANALYZER_NONNULL = YES;
				CLANG_ANALYZER_NUMBER_OBJECT_CONVERSION = YES_AGGRESSIVE;
				CLANG_CXX_LANGUAGE_STANDARD = "gnu++14";
				CLANG_CXX_LIBRARY = "libc++";
				CLANG_ENABLE_MODULES = YES;
				CLANG_ENABLE_OBJC_ARC = YES;
				CLANG_ENABLE_OBJC_WEAK = YES;
				CLANG_WARN_BLOCK_CAPTURE_AUTORELEASING = YES;
				CLANG_WARN_BOOL_CONVERSION = YES;
				CLANG_WARN_COMMA = YES;
				CLANG_WARN_CONSTANT_CONVERSION = YES;
				CLANG_WARN_DEPRECATED_OBJC_IMPLEMENTATIONS = YES;
				CLANG_WARN_DIRECT_OBJC_ISA_USAGE = YES_ERROR;
				CLANG_WARN_DOCUMENTATION_COMMENTS = YES;
				CLANG_WARN_EMPTY_BODY = YES;
				CLANG_WARN_ENUM_CONVERSION = YES;
				CLANG_WARN_INFINITE_RECURSION = YES;
				CLANG_WARN_INT_CONVERSION = YES;
				CLANG_WARN_NON_LITERAL_NULL_CONVERSION = YES;
				CLANG_WARN_OBJC_IMPLICIT_RETAIN_SELF = YES;
				CLANG_WARN_OBJC_LITERAL_CONVERSION = YES;
				CLANG_WARN_OBJC_ROOT_CLASS = YES_ERROR;
				CLANG_WARN_RANGE_LOOP_ANALYSIS = YES;
				CLANG_WARN_STRICT_PROTOTYPES = YES;
				CLANG_WARN_SUSPICIOUS_MOVE = YES;
				CLANG_WARN_UNGUARDED_AVAILABILITY = YES_AGGRESSIVE;
				CLANG_WARN_UNREACHABLE_CODE = YES;
				CLANG_WARN__DUPLICATE_METHOD_MATCH = YES;
				COPY_PHASE_STRIP = NO;
				DEBUG_INFORMATION_FORMAT = dwarf;
				ENABLE_STRICT_OBJC_MSGSEND = YES;
				ENABLE_TESTABILITY = YES;
				GCC_C_LANGUAGE_STANDARD = gnu11;
				GCC_DYNAMIC_NO_PIC = NO;
				GCC_NO_COMMON_BLOCKS = YES;
				GCC_OPTIMIZATION_LEVEL = 0;
				GCC_PREPROCESSOR_DEFINITIONS = (
					"DEBUG=1",
					"$(inherited)",
				);
				GCC_WARN_64_TO_32_BIT_CONVERSION = YES;
				GCC_WARN_ABOUT_RETURN_TYPE = YES_ERROR;
				GCC_WARN_UNDECLARED_SELECTOR = YES;
				GCC_WARN_UNINITIALIZED_AUTOS = YES_AGGRESSIVE;
				GCC_WARN_UNUSED_FUNCTION = YES;
				GCC_WARN_UNUSED_VARIABLE = YES;
				IPHONEOS_DEPLOYMENT_TARGET = 13.2;
				MTL_ENABLE_DEBUG_INFO = INCLUDE_SOURCE;
				MTL_FAST_MATH = YES;
				ONLY_ACTIVE_ARCH = YES;
				SDKROOT = iphoneos;
				SWIFT_ACTIVE_COMPILATION_CONDITIONS = DEBUG;
				SWIFT_OPTIMIZATION_LEVEL = "-Onone";
			};
			name = Debug;
		};
		DCC4FF1923AA50DA00BBDDEA /* Release */ = {
			isa = XCBuildConfiguration;
			buildSettings = {
				ALWAYS_SEARCH_USER_PATHS = NO;
				CLANG_ANALYZER_NONNULL = YES;
				CLANG_ANALYZER_NUMBER_OBJECT_CONVERSION = YES_AGGRESSIVE;
				CLANG_CXX_LANGUAGE_STANDARD = "gnu++14";
				CLANG_CXX_LIBRARY = "libc++";
				CLANG_ENABLE_MODULES = YES;
				CLANG_ENABLE_OBJC_ARC = YES;
				CLANG_ENABLE_OBJC_WEAK = YES;
				CLANG_WARN_BLOCK_CAPTURE_AUTORELEASING = YES;
				CLANG_WARN_BOOL_CONVERSION = YES;
				CLANG_WARN_COMMA = YES;
				CLANG_WARN_CONSTANT_CONVERSION = YES;
				CLANG_WARN_DEPRECATED_OBJC_IMPLEMENTATIONS = YES;
				CLANG_WARN_DIRECT_OBJC_ISA_USAGE = YES_ERROR;
				CLANG_WARN_DOCUMENTATION_COMMENTS = YES;
				CLANG_WARN_EMPTY_BODY = YES;
				CLANG_WARN_ENUM_CONVERSION = YES;
				CLANG_WARN_INFINITE_RECURSION = YES;
				CLANG_WARN_INT_CONVERSION = YES;
				CLANG_WARN_NON_LITERAL_NULL_CONVERSION = YES;
				CLANG_WARN_OBJC_IMPLICIT_RETAIN_SELF = YES;
				CLANG_WARN_OBJC_LITERAL_CONVERSION = YES;
				CLANG_WARN_OBJC_ROOT_CLASS = YES_ERROR;
				CLANG_WARN_RANGE_LOOP_ANALYSIS = YES;
				CLANG_WARN_STRICT_PROTOTYPES = YES;
				CLANG_WARN_SUSPICIOUS_MOVE = YES;
				CLANG_WARN_UNGUARDED_AVAILABILITY = YES_AGGRESSIVE;
				CLANG_WARN_UNREACHABLE_CODE = YES;
				CLANG_WARN__DUPLICATE_METHOD_MATCH = YES;
				COPY_PHASE_STRIP = NO;
				DEBUG_INFORMATION_FORMAT = "dwarf-with-dsym";
				ENABLE_NS_ASSERTIONS = NO;
				ENABLE_STRICT_OBJC_MSGSEND = YES;
				GCC_C_LANGUAGE_STANDARD = gnu11;
				GCC_NO_COMMON_BLOCKS = YES;
				GCC_WARN_64_TO_32_BIT_CONVERSION = YES;
				GCC_WARN_ABOUT_RETURN_TYPE = YES_ERROR;
				GCC_WARN_UNDECLARED_SELECTOR = YES;
				GCC_WARN_UNINITIALIZED_AUTOS = YES_AGGRESSIVE;
				GCC_WARN_UNUSED_FUNCTION = YES;
				GCC_WARN_UNUSED_VARIABLE = YES;
				IPHONEOS_DEPLOYMENT_TARGET = 13.2;
				MTL_ENABLE_DEBUG_INFO = NO;
				MTL_FAST_MATH = YES;
				SDKROOT = iphoneos;
				SWIFT_COMPILATION_MODE = wholemodule;
				SWIFT_OPTIMIZATION_LEVEL = "-O";
				VALIDATE_PRODUCT = YES;
			};
			name = Release;
		};
		DCC4FF1B23AA50DA00BBDDEA /* Debug */ = {
			isa = XCBuildConfiguration;
			buildSettings = {
				ASSETCATALOG_COMPILER_APPICON_NAME = AppIcon;
				CODE_SIGN_STYLE = Automatic;
				DEVELOPMENT_TEAM = 3MURND37P8;
				INFOPLIST_FILE = Demo_iOS13_SearchBar/Info.plist;
				LD_RUNPATH_SEARCH_PATHS = (
					"$(inherited)",
					"@executable_path/Frameworks",
				);
				PRODUCT_BUNDLE_IDENTIFIER = "com.testing.Demo-iOS13-SearchBar";
				PRODUCT_NAME = "$(TARGET_NAME)";
				SWIFT_VERSION = 5.0;
				TARGETED_DEVICE_FAMILY = "1,2";
			};
			name = Debug;
		};
		DCC4FF1C23AA50DA00BBDDEA /* Release */ = {
			isa = XCBuildConfiguration;
			buildSettings = {
				ASSETCATALOG_COMPILER_APPICON_NAME = AppIcon;
				CODE_SIGN_STYLE = Automatic;
				DEVELOPMENT_TEAM = 3MURND37P8;
				INFOPLIST_FILE = Demo_iOS13_SearchBar/Info.plist;
				LD_RUNPATH_SEARCH_PATHS = (
					"$(inherited)",
					"@executable_path/Frameworks",
				);
				PRODUCT_BUNDLE_IDENTIFIER = "com.testing.Demo-iOS13-SearchBar";
				PRODUCT_NAME = "$(TARGET_NAME)";
				SWIFT_VERSION = 5.0;
				TARGETED_DEVICE_FAMILY = "1,2";
			};
			name = Release;
		};
/* End XCBuildConfiguration section */

/* Begin XCConfigurationList section */
		DCC4FF0123AA50D900BBDDEA /* Build configuration list for PBXProject "Demo_iOS13_SearchBar" */ = {
			isa = XCConfigurationList;
			buildConfigurations = (
				DCC4FF1823AA50DA00BBDDEA /* Debug */,
				DCC4FF1923AA50DA00BBDDEA /* Release */,
			);
			defaultConfigurationIsVisible = 0;
			defaultConfigurationName = Release;
		};
		DCC4FF1A23AA50DA00BBDDEA /* Build configuration list for PBXNativeTarget "Demo_iOS13_SearchBar" */ = {
			isa = XCConfigurationList;
			buildConfigurations = (
				DCC4FF1B23AA50DA00BBDDEA /* Debug */,
				DCC4FF1C23AA50DA00BBDDEA /* Release */,
			);
			defaultConfigurationIsVisible = 0;
			defaultConfigurationName = Release;
		};
/* End XCConfigurationList section */
	};
	rootObject = DCC4FEFE23AA50D900BBDDEA /* Project object */;
}
